
Microsoft Visual Studio Solution File, Format Version 12.00
# Visual Studio 15
VisualStudioVersion = 15.0.26730.16
MinimumVisualStudioVersion = 10.0.40219.1
Project("{FAE04EC0-301F-11D3-BF4B-00C04F79EFBC}") = "SocialNetworkNew", "SocialNetworkNew\SocialNetworkNew.csproj", "{004F9994-9315-4235-9176-E8DC2F579A3B}"
EndProject
Global
	GlobalSection(SolutionConfigurationPlatforms) = preSolution
		Debug|Any CPU = Debug|Any CPU
		Release|Any CPU = Release|Any CPU
	EndGlobalSection
	GlobalSection(ProjectConfigurationPlatforms) = postSolution
		{004F9994-9315-4235-9176-E8DC2F579A3B}.Debug|Any CPU.ActiveCfg = Debug|Any CPU
		{004F9994-9315-4235-9176-E8DC2F579A3B}.Debug|Any CPU.Build.0 = Debug|Any CPU
		{004F9994-9315-4235-9176-E8DC2F579A3B}.Release|Any CPU.ActiveCfg = Release|Any CPU
		{004F9994-9315-4235-9176-E8DC2F579A3B}.Release|Any CPU.Build.0 = Release|Any CPU
	EndGlobalSection
	GlobalSection(SolutionProperties) = preSolution
		HideSolutionNode = FALSE
	EndGlobalSection
	GlobalSection(ExtensibilityGlobals) = postSolution
		SolutionGuid = {7C1480F6-03E5-4E13-B736-6FC0A803EC1C}
	EndGlobalSection
EndGlobal
